// !$*UTF8*$!
{
	archiveVersion = 1;
	classes = {
	};
	objectVersion = 55;
	objects = {

/* Begin PBXBuildFile section */
		9A2B30B0C04DB3027C48BF3B /* Pods_Basic_request.framework in Frameworks */ = {isa = PBXBuildFile; fileRef = 88E4FA446D52043A03C3E640 /* Pods_Basic_request.framework */; };
		B409AB69287C199F00CA9250 /* AppDelegate.swift in Sources */ = {isa = PBXBuildFile; fileRef = B409AB68287C199F00CA9250 /* AppDelegate.swift */; };
		B409AB6B287C199F00CA9250 /* SceneDelegate.swift in Sources */ = {isa = PBXBuildFile; fileRef = B409AB6A287C199F00CA9250 /* SceneDelegate.swift */; };
		B409AB6D287C199F00CA9250 /* ListCinemaViewController.swift in Sources */ = {isa = PBXBuildFile; fileRef = B409AB6C287C199F00CA9250 /* ListCinemaViewController.swift */; };
		B409AB72287C19A100CA9250 /* Assets.xcassets in Resources */ = {isa = PBXBuildFile; fileRef = B409AB71287C19A100CA9250 /* Assets.xcassets */; };
		B409AB75287C19A100CA9250 /* LaunchScreen.storyboard in Resources */ = {isa = PBXBuildFile; fileRef = B409AB73287C19A100CA9250 /* LaunchScreen.storyboard */; };
		B409AB7D287C210F00CA9250 /* Films.swift in Sources */ = {isa = PBXBuildFile; fileRef = B409AB7C287C210F00CA9250 /* Films.swift */; };
		B41648DA287F097A002318F0 /* NetworkManager.swift in Sources */ = {isa = PBXBuildFile; fileRef = B41648D9287F097A002318F0 /* NetworkManager.swift */; };
		B41648DC287F224F002318F0 /* ListCinemaPresenter.swift in Sources */ = {isa = PBXBuildFile; fileRef = B41648DB287F224F002318F0 /* ListCinemaPresenter.swift */; };
		B45676A0287C62E400F2D9ED /* UIView+Ext.swift in Sources */ = {isa = PBXBuildFile; fileRef = B456769F287C62E400F2D9ED /* UIView+Ext.swift */; };
		B45676A2287C6B1000F2D9ED /* CinemaCell.swift in Sources */ = {isa = PBXBuildFile; fileRef = B45676A1287C6B1000F2D9ED /* CinemaCell.swift */; };
		B45BB2DB288D2F2600B2A347 /* DetailViewController.swift in Sources */ = {isa = PBXBuildFile; fileRef = B45BB2DA288D2F2600B2A347 /* DetailViewController.swift */; };
		B45BB2E1288D79FA00B2A347 /* DetailViewPresenter.swift in Sources */ = {isa = PBXBuildFile; fileRef = B45BB2E0288D79FA00B2A347 /* DetailViewPresenter.swift */; };
		B4C96AF7289C347E00ED359A /* FilmDescription.swift in Sources */ = {isa = PBXBuildFile; fileRef = B4C96AF6289C347E00ED359A /* FilmDescription.swift */; };
/* End PBXBuildFile section */

/* Begin PBXFileReference section */
		675ADA71CA78C8DB669E1520 /* Pods-Basic request.debug.xcconfig */ = {isa = PBXFileReference; includeInIndex = 1; lastKnownFileType = text.xcconfig; name = "Pods-Basic request.debug.xcconfig"; path = "Target Support Files/Pods-Basic request/Pods-Basic request.debug.xcconfig"; sourceTree = "<group>"; };
		88E4FA446D52043A03C3E640 /* Pods_Basic_request.framework */ = {isa = PBXFileReference; explicitFileType = wrapper.framework; includeInIndex = 0; path = Pods_Basic_request.framework; sourceTree = BUILT_PRODUCTS_DIR; };
		8AE738FB64361ABA19D93244 /* Pods-Basic request.release.xcconfig */ = {isa = PBXFileReference; includeInIndex = 1; lastKnownFileType = text.xcconfig; name = "Pods-Basic request.release.xcconfig"; path = "Target Support Files/Pods-Basic request/Pods-Basic request.release.xcconfig"; sourceTree = "<group>"; };
		B409AB65287C199F00CA9250 /* Basic request.app */ = {isa = PBXFileReference; explicitFileType = wrapper.application; includeInIndex = 0; path = "Basic request.app"; sourceTree = BUILT_PRODUCTS_DIR; };
		B409AB68287C199F00CA9250 /* AppDelegate.swift */ = {isa = PBXFileReference; lastKnownFileType = sourcecode.swift; path = AppDelegate.swift; sourceTree = "<group>"; };
		B409AB6A287C199F00CA9250 /* SceneDelegate.swift */ = {isa = PBXFileReference; lastKnownFileType = sourcecode.swift; path = SceneDelegate.swift; sourceTree = "<group>"; };
		B409AB6C287C199F00CA9250 /* ListCinemaViewController.swift */ = {isa = PBXFileReference; lastKnownFileType = sourcecode.swift; path = ListCinemaViewController.swift; sourceTree = "<group>"; };
		B409AB71287C19A100CA9250 /* Assets.xcassets */ = {isa = PBXFileReference; lastKnownFileType = folder.assetcatalog; path = Assets.xcassets; sourceTree = "<group>"; };
		B409AB74287C19A100CA9250 /* Base */ = {isa = PBXFileReference; lastKnownFileType = file.storyboard; name = Base; path = Base.lproj/LaunchScreen.storyboard; sourceTree = "<group>"; };
		B409AB76287C19A100CA9250 /* Info.plist */ = {isa = PBXFileReference; lastKnownFileType = text.plist.xml; path = Info.plist; sourceTree = "<group>"; };
		B409AB7C287C210F00CA9250 /* Films.swift */ = {isa = PBXFileReference; lastKnownFileType = sourcecode.swift; path = Films.swift; sourceTree = "<group>"; };
		B41648D9287F097A002318F0 /* NetworkManager.swift */ = {isa = PBXFileReference; lastKnownFileType = sourcecode.swift; path = NetworkManager.swift; sourceTree = "<group>"; };
		B41648DB287F224F002318F0 /* ListCinemaPresenter.swift */ = {isa = PBXFileReference; lastKnownFileType = sourcecode.swift; path = ListCinemaPresenter.swift; sourceTree = "<group>"; };
		B456769F287C62E400F2D9ED /* UIView+Ext.swift */ = {isa = PBXFileReference; lastKnownFileType = sourcecode.swift; path = "UIView+Ext.swift"; sourceTree = "<group>"; };
		B45676A1287C6B1000F2D9ED /* CinemaCell.swift */ = {isa = PBXFileReference; lastKnownFileType = sourcecode.swift; path = CinemaCell.swift; sourceTree = "<group>"; };
		B45BB2DA288D2F2600B2A347 /* DetailViewController.swift */ = {isa = PBXFileReference; lastKnownFileType = sourcecode.swift; path = DetailViewController.swift; sourceTree = "<group>"; };
		B45BB2E0288D79FA00B2A347 /* DetailViewPresenter.swift */ = {isa = PBXFileReference; lastKnownFileType = sourcecode.swift; path = DetailViewPresenter.swift; sourceTree = "<group>"; };
		B4C96AF6289C347E00ED359A /* FilmDescription.swift */ = {isa = PBXFileReference; lastKnownFileType = sourcecode.swift; path = FilmDescription.swift; sourceTree = "<group>"; };
/* End PBXFileReference section */

/* Begin PBXFrameworksBuildPhase section */
		B409AB62287C199F00CA9250 /* Frameworks */ = {
			isa = PBXFrameworksBuildPhase;
			buildActionMask = 2147483647;
			files = (
				9A2B30B0C04DB3027C48BF3B /* Pods_Basic_request.framework in Frameworks */,
			);
			runOnlyForDeploymentPostprocessing = 0;
		};
/* End PBXFrameworksBuildPhase section */

/* Begin PBXGroup section */
		140208E050EBBC7D636B8A28 /* Frameworks */ = {
			isa = PBXGroup;
			children = (
				88E4FA446D52043A03C3E640 /* Pods_Basic_request.framework */,
			);
			name = Frameworks;
			sourceTree = "<group>";
		};
		655857AA60E5A1667A2001DB /* Pods */ = {
			isa = PBXGroup;
			children = (
				675ADA71CA78C8DB669E1520 /* Pods-Basic request.debug.xcconfig */,
				8AE738FB64361ABA19D93244 /* Pods-Basic request.release.xcconfig */,
			);
			path = Pods;
			sourceTree = "<group>";
		};
		B409AB5C287C199F00CA9250 = {
			isa = PBXGroup;
			children = (
				B45BB2D9288D2E8400B2A347 /* Extensions */,
				B45BB2D7288D2DEC00B2A347 /* Services */,
				B456769E287C5EF100F2D9ED /* Models */,
				B45BB2D4288D2CE600B2A347 /* Moduls */,
				B4D543F2288D288900BA322A /* SupportFiles */,
				B409AB71287C19A100CA9250 /* Assets.xcassets */,
				B409AB73287C19A100CA9250 /* LaunchScreen.storyboard */,
				B409AB66287C199F00CA9250 /* Products */,
				655857AA60E5A1667A2001DB /* Pods */,
				140208E050EBBC7D636B8A28 /* Frameworks */,
			);
			sourceTree = "<group>";
		};
		B409AB66287C199F00CA9250 /* Products */ = {
			isa = PBXGroup;
			children = (
				B409AB65287C199F00CA9250 /* Basic request.app */,
			);
			name = Products;
			sourceTree = "<group>";
		};
		B456769E287C5EF100F2D9ED /* Models */ = {
			isa = PBXGroup;
			children = (
				B409AB7C287C210F00CA9250 /* Films.swift */,
				B4C96AF6289C347E00ED359A /* FilmDescription.swift */,
			);
			path = Models;
			sourceTree = "<group>";
		};
		B45BB2D4288D2CE600B2A347 /* Moduls */ = {
			isa = PBXGroup;
			children = (
				B45BB2D5288D2CFB00B2A347 /* Main */,
				B45BB2D6288D2D0000B2A347 /* Detail */,
			);
			path = Moduls;
			sourceTree = "<group>";
		};
		B45BB2D5288D2CFB00B2A347 /* Main */ = {
			isa = PBXGroup;
			children = (
				B45BB2D8288D2E6A00B2A347 /* Views */,
				B409AB6C287C199F00CA9250 /* ListCinemaViewController.swift */,
				B41648DB287F224F002318F0 /* ListCinemaPresenter.swift */,
			);
			path = Main;
			sourceTree = "<group>";
		};
		B45BB2D6288D2D0000B2A347 /* Detail */ = {
			isa = PBXGroup;
			children = (
				B45BB2DA288D2F2600B2A347 /* DetailViewController.swift */,
				B45BB2E0288D79FA00B2A347 /* DetailViewPresenter.swift */,
			);
			path = Detail;
			sourceTree = "<group>";
		};
		B45BB2D7288D2DEC00B2A347 /* Services */ = {
			isa = PBXGroup;
			children = (
				B41648D9287F097A002318F0 /* NetworkManager.swift */,
			);
			path = Services;
			sourceTree = "<group>";
		};
		B45BB2D8288D2E6A00B2A347 /* Views */ = {
			isa = PBXGroup;
			children = (
				B45676A1287C6B1000F2D9ED /* CinemaCell.swift */,
			);
			path = Views;
			sourceTree = "<group>";
		};
		B45BB2D9288D2E8400B2A347 /* Extensions */ = {
			isa = PBXGroup;
			children = (
				B456769F287C62E400F2D9ED /* UIView+Ext.swift */,
			);
			path = Extensions;
			sourceTree = "<group>";
		};
		B4D543F2288D288900BA322A /* SupportFiles */ = {
			isa = PBXGroup;
			children = (
				B409AB68287C199F00CA9250 /* AppDelegate.swift */,
				B409AB6A287C199F00CA9250 /* SceneDelegate.swift */,
				B409AB76287C19A100CA9250 /* Info.plist */,
			);
			path = SupportFiles;
			sourceTree = "<group>";
		};
/* End PBXGroup section */

/* Begin PBXNativeTarget section */
		B409AB64287C199F00CA9250 /* Basic request */ = {
			isa = PBXNativeTarget;
			buildConfigurationList = B409AB79287C19A100CA9250 /* Build configuration list for PBXNativeTarget "Basic request" */;
			buildPhases = (
				DA8B9821EC4B0614FD9462AF /* [CP] Check Pods Manifest.lock */,
				B409AB61287C199F00CA9250 /* Sources */,
				B409AB62287C199F00CA9250 /* Frameworks */,
				B409AB63287C199F00CA9250 /* Resources */,
				66B8ED6078B3A136F6CDCB65 /* [CP] Embed Pods Frameworks */,
			);
			buildRules = (
			);
			dependencies = (
			);
			name = "Basic request";
			productName = "Basic request";
			productReference = B409AB65287C199F00CA9250 /* Basic request.app */;
			productType = "com.apple.product-type.application";
		};
/* End PBXNativeTarget section */

/* Begin PBXProject section */
		B409AB5D287C199F00CA9250 /* Project object */ = {
			isa = PBXProject;
			attributes = {
				BuildIndependentTargetsInParallel = 1;
				LastSwiftUpdateCheck = 1330;
				LastUpgradeCheck = 1330;
				TargetAttributes = {
					B409AB64287C199F00CA9250 = {
						CreatedOnToolsVersion = 13.3.1;
					};
				};
			};
			buildConfigurationList = B409AB60287C199F00CA9250 /* Build configuration list for PBXProject "Basic request" */;
			compatibilityVersion = "Xcode 13.0";
			developmentRegion = en;
			hasScannedForEncodings = 0;
			knownRegions = (
				en,
				Base,
			);
			mainGroup = B409AB5C287C199F00CA9250;
			productRefGroup = B409AB66287C199F00CA9250 /* Products */;
			projectDirPath = "";
			projectRoot = "";
			targets = (
				B409AB64287C199F00CA9250 /* Basic request */,
			);
		};
/* End PBXProject section */

/* Begin PBXResourcesBuildPhase section */
		B409AB63287C199F00CA9250 /* Resources */ = {
			isa = PBXResourcesBuildPhase;
			buildActionMask = 2147483647;
			files = (
				B409AB75287C19A100CA9250 /* LaunchScreen.storyboard in Resources */,
				B409AB72287C19A100CA9250 /* Assets.xcassets in Resources */,
			);
			runOnlyForDeploymentPostprocessing = 0;
		};
/* End PBXResourcesBuildPhase section */

/* Begin PBXShellScriptBuildPhase section */
		66B8ED6078B3A136F6CDCB65 /* [CP] Embed Pods Frameworks */ = {
			isa = PBXShellScriptBuildPhase;
			buildActionMask = 2147483647;
			files = (
			);
			inputFileListPaths = (
				"${PODS_ROOT}/Target Support Files/Pods-Basic request/Pods-Basic request-frameworks-${CONFIGURATION}-input-files.xcfilelist",
			);
			name = "[CP] Embed Pods Frameworks";
			outputFileListPaths = (
				"${PODS_ROOT}/Target Support Files/Pods-Basic request/Pods-Basic request-frameworks-${CONFIGURATION}-output-files.xcfilelist",
			);
			runOnlyForDeploymentPostprocessing = 0;
			shellPath = /bin/sh;
			shellScript = "\"${PODS_ROOT}/Target Support Files/Pods-Basic request/Pods-Basic request-frameworks.sh\"\n";
			showEnvVarsInLog = 0;
		};
		DA8B9821EC4B0614FD9462AF /* [CP] Check Pods Manifest.lock */ = {
			isa = PBXShellScriptBuildPhase;
			buildActionMask = 2147483647;
			files = (
			);
			inputFileListPaths = (
			);
			inputPaths = (
				"${PODS_PODFILE_DIR_PATH}/Podfile.lock",
				"${PODS_ROOT}/Manifest.lock",
			);
			name = "[CP] Check Pods Manifest.lock";
			outputFileListPaths = (
			);
			outputPaths = (
				"$(DERIVED_FILE_DIR)/Pods-Basic request-checkManifestLockResult.txt",
			);
			runOnlyForDeploymentPostprocessing = 0;
			shellPath = /bin/sh;
			shellScript = "diff \"${PODS_PODFILE_DIR_PATH}/Podfile.lock\" \"${PODS_ROOT}/Manifest.lock\" > /dev/null\nif [ $? != 0 ] ; then\n    # print error to STDERR\n    echo \"error: The sandbox is not in sync with the Podfile.lock. Run 'pod install' or update your CocoaPods installation.\" >&2\n    exit 1\nfi\n# This output is used by Xcode 'outputs' to avoid re-running this script phase.\necho \"SUCCESS\" > \"${SCRIPT_OUTPUT_FILE_0}\"\n";
			showEnvVarsInLog = 0;
		};
/* End PBXShellScriptBuildPhase section */

/* Begin PBXSourcesBuildPhase section */
		B409AB61287C199F00CA9250 /* Sources */ = {
			isa = PBXSourcesBuildPhase;
			buildActionMask = 2147483647;
			files = (
				B45BB2DB288D2F2600B2A347 /* DetailViewController.swift in Sources */,
				B409AB6D287C199F00CA9250 /* ListCinemaViewController.swift in Sources */,
				B409AB7D287C210F00CA9250 /* Films.swift in Sources */,
				B45BB2E1288D79FA00B2A347 /* DetailViewPresenter.swift in Sources */,
				B45676A2287C6B1000F2D9ED /* CinemaCell.swift in Sources */,
				B41648DC287F224F002318F0 /* ListCinemaPresenter.swift in Sources */,
				B45676A0287C62E400F2D9ED /* UIView+Ext.swift in Sources */,
				B409AB69287C199F00CA9250 /* AppDelegate.swift in Sources */,
				B41648DA287F097A002318F0 /* NetworkManager.swift in Sources */,
				B409AB6B287C199F00CA9250 /* SceneDelegate.swift in Sources */,
				B4C96AF7289C347E00ED359A /* FilmDescription.swift in Sources */,
			);
			runOnlyForDeploymentPostprocessing = 0;
		};
/* End PBXSourcesBuildPhase section */

/* Begin PBXVariantGroup section */
		B409AB73287C19A100CA9250 /* LaunchScreen.storyboard */ = {
			isa = PBXVariantGroup;
			children = (
				B409AB74287C19A100CA9250 /* Base */,
			);
			name = LaunchScreen.storyboard;
			sourceTree = "<group>";
		};
/* End PBXVariantGroup section */

/* Begin XCBuildConfiguration section */
		B409AB77287C19A100CA9250 /* Debug */ = {
			isa = XCBuildConfiguration;
			buildSettings = {
				ALWAYS_SEARCH_USER_PATHS = NO;
				CLANG_ANALYZER_NONNULL = YES;
				CLANG_ANALYZER_NUMBER_OBJECT_CONVERSION = YES_AGGRESSIVE;
				CLANG_CXX_LANGUAGE_STANDARD = "gnu++17";
				CLANG_ENABLE_MODULES = YES;
				CLANG_ENABLE_OBJC_ARC = YES;
				CLANG_ENABLE_OBJC_WEAK = YES;
				CLANG_WARN_BLOCK_CAPTURE_AUTORELEASING = YES;
				CLANG_WARN_BOOL_CONVERSION = YES;
				CLANG_WARN_COMMA = YES;
				CLANG_WARN_CONSTANT_CONVERSION = YES;
				CLANG_WARN_DEPRECATED_OBJC_IMPLEMENTATIONS = YES;
				CLANG_WARN_DIRECT_OBJC_ISA_USAGE = YES_ERROR;
				CLANG_WARN_DOCUMENTATION_COMMENTS = YES;
				CLANG_WARN_EMPTY_BODY = YES;
				CLANG_WARN_ENUM_CONVERSION = YES;
				CLANG_WARN_INFINITE_RECURSION = YES;
				CLANG_WARN_INT_CONVERSION = YES;
				CLANG_WARN_NON_LITERAL_NULL_CONVERSION = YES;
				CLANG_WARN_OBJC_IMPLICIT_RETAIN_SELF = YES;
				CLANG_WARN_OBJC_LITERAL_CONVERSION = YES;
				CLANG_WARN_OBJC_ROOT_CLASS = YES_ERROR;
				CLANG_WARN_QUOTED_INCLUDE_IN_FRAMEWORK_HEADER = YES;
				CLANG_WARN_RANGE_LOOP_ANALYSIS = YES;
				CLANG_WARN_STRICT_PROTOTYPES = YES;
				CLANG_WARN_SUSPICIOUS_MOVE = YES;
				CLANG_WARN_UNGUARDED_AVAILABILITY = YES_AGGRESSIVE;
				CLANG_WARN_UNREACHABLE_CODE = YES;
				CLANG_WARN__DUPLICATE_METHOD_MATCH = YES;
				COPY_PHASE_STRIP = NO;
				DEBUG_INFORMATION_FORMAT = dwarf;
				ENABLE_STRICT_OBJC_MSGSEND = YES;
				ENABLE_TESTABILITY = YES;
				GCC_C_LANGUAGE_STANDARD = gnu11;
				GCC_DYNAMIC_NO_PIC = NO;
				GCC_NO_COMMON_BLOCKS = YES;
				GCC_OPTIMIZATION_LEVEL = 0;
				GCC_PREPROCESSOR_DEFINITIONS = (
					"DEBUG=1",
					"$(inherited)",
				);
				GCC_WARN_64_TO_32_BIT_CONVERSION = YES;
				GCC_WARN_ABOUT_RETURN_TYPE = YES_ERROR;
				GCC_WARN_UNDECLARED_SELECTOR = YES;
				GCC_WARN_UNINITIALIZED_AUTOS = YES_AGGRESSIVE;
				GCC_WARN_UNUSED_FUNCTION = YES;
				GCC_WARN_UNUSED_VARIABLE = YES;
				IPHONEOS_DEPLOYMENT_TARGET = 15.4;
				MTL_ENABLE_DEBUG_INFO = INCLUDE_SOURCE;
				MTL_FAST_MATH = YES;
				ONLY_ACTIVE_ARCH = YES;
				SDKROOT = iphoneos;
				SWIFT_ACTIVE_COMPILATION_CONDITIONS = DEBUG;
				SWIFT_OPTIMIZATION_LEVEL = "-Onone";
			};
			name = Debug;
		};
		B409AB78287C19A100CA9250 /* Release */ = {
			isa = XCBuildConfiguration;
			buildSettings = {
				ALWAYS_SEARCH_USER_PATHS = NO;
				CLANG_ANALYZER_NONNULL = YES;
				CLANG_ANALYZER_NUMBER_OBJECT_CONVERSION = YES_AGGRESSIVE;
				CLANG_CXX_LANGUAGE_STANDARD = "gnu++17";
				CLANG_ENABLE_MODULES = YES;
				CLANG_ENABLE_OBJC_ARC = YES;
				CLANG_ENABLE_OBJC_WEAK = YES;
				CLANG_WARN_BLOCK_CAPTURE_AUTORELEASING = YES;
				CLANG_WARN_BOOL_CONVERSION = YES;
				CLANG_WARN_COMMA = YES;
				CLANG_WARN_CONSTANT_CONVERSION = YES;
				CLANG_WARN_DEPRECATED_OBJC_IMPLEMENTATIONS = YES;
				CLANG_WARN_DIRECT_OBJC_ISA_USAGE = YES_ERROR;
				CLANG_WARN_DOCUMENTATION_COMMENTS = YES;
				CLANG_WARN_EMPTY_BODY = YES;
				CLANG_WARN_ENUM_CONVERSION = YES;
				CLANG_WARN_INFINITE_RECURSION = YES;
				CLANG_WARN_INT_CONVERSION = YES;
				CLANG_WARN_NON_LITERAL_NULL_CONVERSION = YES;
				CLANG_WARN_OBJC_IMPLICIT_RETAIN_SELF = YES;
				CLANG_WARN_OBJC_LITERAL_CONVERSION = YES;
				CLANG_WARN_OBJC_ROOT_CLASS = YES_ERROR;
				CLANG_WARN_QUOTED_INCLUDE_IN_FRAMEWORK_HEADER = YES;
				CLANG_WARN_RANGE_LOOP_ANALYSIS = YES;
				CLANG_WARN_STRICT_PROTOTYPES = YES;
				CLANG_WARN_SUSPICIOUS_MOVE = YES;
				CLANG_WARN_UNGUARDED_AVAILABILITY = YES_AGGRESSIVE;
				CLANG_WARN_UNREACHABLE_CODE = YES;
				CLANG_WARN__DUPLICATE_METHOD_MATCH = YES;
				COPY_PHASE_STRIP = NO;
				DEBUG_INFORMATION_FORMAT = "dwarf-with-dsym";
				ENABLE_NS_ASSERTIONS = NO;
				ENABLE_STRICT_OBJC_MSGSEND = YES;
				GCC_C_LANGUAGE_STANDARD = gnu11;
				GCC_NO_COMMON_BLOCKS = YES;
				GCC_WARN_64_TO_32_BIT_CONVERSION = YES;
				GCC_WARN_ABOUT_RETURN_TYPE = YES_ERROR;
				GCC_WARN_UNDECLARED_SELECTOR = YES;
				GCC_WARN_UNINITIALIZED_AUTOS = YES_AGGRESSIVE;
				GCC_WARN_UNUSED_FUNCTION = YES;
				GCC_WARN_UNUSED_VARIABLE = YES;
				IPHONEOS_DEPLOYMENT_TARGET = 15.4;
				MTL_ENABLE_DEBUG_INFO = NO;
				MTL_FAST_MATH = YES;
				SDKROOT = iphoneos;
				SWIFT_COMPILATION_MODE = wholemodule;
				SWIFT_OPTIMIZATION_LEVEL = "-O";
				VALIDATE_PRODUCT = YES;
			};
			name = Release;
		};
		B409AB7A287C19A100CA9250 /* Debug */ = {
			isa = XCBuildConfiguration;
			baseConfigurationReference = 675ADA71CA78C8DB669E1520 /* Pods-Basic request.debug.xcconfig */;
			buildSettings = {
				ASSETCATALOG_COMPILER_APPICON_NAME = AppIcon;
				ASSETCATALOG_COMPILER_GLOBAL_ACCENT_COLOR_NAME = AccentColor;
				CODE_SIGN_STYLE = Automatic;
				CURRENT_PROJECT_VERSION = 1;
				DEVELOPMENT_TEAM = FWA38784WW;
				GENERATE_INFOPLIST_FILE = YES;
				INFOPLIST_FILE = SupportFiles/Info.plist;
				INFOPLIST_KEY_CFBundleDisplayName = CinemaProject;
				INFOPLIST_KEY_UIApplicationSupportsIndirectInputEvents = YES;
				INFOPLIST_KEY_UILaunchStoryboardName = LaunchScreen;
				INFOPLIST_KEY_UISupportedInterfaceOrientations_iPad = "UIInterfaceOrientationPortrait UIInterfaceOrientationPortraitUpsideDown UIInterfaceOrientationLandscapeLeft UIInterfaceOrientationLandscapeRight";
				INFOPLIST_KEY_UISupportedInterfaceOrientations_iPhone = "UIInterfaceOrientationPortrait UIInterfaceOrientationLandscapeLeft UIInterfaceOrientationLandscapeRight";
				LD_RUNPATH_SEARCH_PATHS = (
					"$(inherited)",
					"@executable_path/Frameworks",
				);
				MARKETING_VERSION = 1.0;
				PRODUCT_BUNDLE_IDENTIFIER = com.daniilKiryanchuk.CinemaProject;
				PRODUCT_NAME = "$(TARGET_NAME)";
				SWIFT_EMIT_LOC_STRINGS = YES;
				SWIFT_VERSION = 5.0;
				TARGETED_DEVICE_FAMILY = "1,2";
			};
			name = Debug;
		};
		B409AB7B287C19A100CA9250 /* Release */ = {
			isa = XCBuildConfiguration;
			baseConfigurationReference = 8AE738FB64361ABA19D93244 /* Pods-Basic request.release.xcconfig */;
			buildSettings = {
				ASSETCATALOG_COMPILER_APPICON_NAME = AppIcon;
				ASSETCATALOG_COMPILER_GLOBAL_ACCENT_COLOR_NAME = AccentColor;
				CODE_SIGN_STYLE = Automatic;
				CURRENT_PROJECT_VERSION = 1;
				DEVELOPMENT_TEAM = FWA38784WW;
				GENERATE_INFOPLIST_FILE = YES;
				INFOPLIST_FILE = SupportFiles/Info.plist;
				INFOPLIST_KEY_CFBundleDisplayName = CinemaProject;
				INFOPLIST_KEY_UIApplicationSupportsIndirectInputEvents = YES;
				INFOPLIST_KEY_UILaunchStoryboardName = LaunchScreen;
				INFOPLIST_KEY_UISupportedInterfaceOrientations_iPad = "UIInterfaceOrientationPortrait UIInterfaceOrientationPortraitUpsideDown UIInterfaceOrientationLandscapeLeft UIInterfaceOrientationLandscapeRight";
				INFOPLIST_KEY_UISupportedInterfaceOrientations_iPhone = "UIInterfaceOrientationPortrait UIInterfaceOrientationLandscapeLeft UIInterfaceOrientationLandscapeRight";
				LD_RUNPATH_SEARCH_PATHS = (
					"$(inherited)",
					"@executable_path/Frameworks",
				);
				MARKETING_VERSION = 1.0;
				PRODUCT_BUNDLE_IDENTIFIER = com.daniilKiryanchuk.CinemaProject;
				PRODUCT_NAME = "$(TARGET_NAME)";
				SWIFT_EMIT_LOC_STRINGS = YES;
				SWIFT_VERSION = 5.0;
				TARGETED_DEVICE_FAMILY = "1,2";
			};
			name = Release;
		};
/* End XCBuildConfiguration section */

/* Begin XCConfigurationList section */
		B409AB60287C199F00CA9250 /* Build configuration list for PBXProject "Basic request" */ = {
			isa = XCConfigurationList;
			buildConfigurations = (
				B409AB77287C19A100CA9250 /* Debug */,
				B409AB78287C19A100CA9250 /* Release */,
			);
			defaultConfigurationIsVisible = 0;
			defaultConfigurationName = Release;
		};
		B409AB79287C19A100CA9250 /* Build configuration list for PBXNativeTarget "Basic request" */ = {
			isa = XCConfigurationList;
			buildConfigurations = (
				B409AB7A287C19A100CA9250 /* Debug */,
				B409AB7B287C19A100CA9250 /* Release */,
			);
			defaultConfigurationIsVisible = 0;
			defaultConfigurationName = Release;
		};
/* End XCConfigurationList section */
	};
	rootObject = B409AB5D287C199F00CA9250 /* Project object */;
}
